
Microsoft Visual Studio Solution File, Format Version 12.00
# Visual Studio 15
VisualStudioVersion = 15.0.27703.2026
MinimumVisualStudioVersion = 10.0.40219.1
Project("{FAE04EC0-301F-11D3-BF4B-00C04F79EFBC}") = "01-Box", "01-Box\01-Box.csproj", "{7175D965-F26E-43FA-BEA5-52726C1C54F7}"
EndProject
Project("{FAE04EC0-301F-11D3-BF4B-00C04F79EFBC}") = "02-ArrayCreator", "02-ArrayCreator\02-ArrayCreator.csproj", "{92F3D4FF-F77D-4DD9-8EE8-91EDE89E213F}"
EndProject
Project("{FAE04EC0-301F-11D3-BF4B-00C04F79EFBC}") = "03-Scale", "03-Scale\03-Scale.csproj", "{33674C13-3665-42F8-A1EC-724AB0D4F04A}"
EndProject
Global
	GlobalSection(SolutionConfigurationPlatforms) = preSolution
		Debug|Any CPU = Debug|Any CPU
		Release|Any CPU = Release|Any CPU
	EndGlobalSection
	GlobalSection(ProjectConfigurationPlatforms) = postSolution
		{7175D965-F26E-43FA-BEA5-52726C1C54F7}.Debug|Any CPU.ActiveCfg = Debug|Any CPU
		{7175D965-F26E-43FA-BEA5-52726C1C54F7}.Debug|Any CPU.Build.0 = Debug|Any CPU
		{7175D965-F26E-43FA-BEA5-52726C1C54F7}.Release|Any CPU.ActiveCfg = Release|Any CPU
		{7175D965-F26E-43FA-BEA5-52726C1C54F7}.Release|Any CPU.Build.0 = Release|Any CPU
		{92F3D4FF-F77D-4DD9-8EE8-91EDE89E213F}.Debug|Any CPU.ActiveCfg = Debug|Any CPU
		{92F3D4FF-F77D-4DD9-8EE8-91EDE89E213F}.Debug|Any CPU.Build.0 = Debug|Any CPU
		{92F3D4FF-F77D-4DD9-8EE8-91EDE89E213F}.Release|Any CPU.ActiveCfg = Release|Any CPU
		{92F3D4FF-F77D-4DD9-8EE8-91EDE89E213F}.Release|Any CPU.Build.0 = Release|Any CPU
		{33674C13-3665-42F8-A1EC-724AB0D4F04A}.Debug|Any CPU.ActiveCfg = Debug|Any CPU
		{33674C13-3665-42F8-A1EC-724AB0D4F04A}.Debug|Any CPU.Build.0 = Debug|Any CPU
		{33674C13-3665-42F8-A1EC-724AB0D4F04A}.Release|Any CPU.ActiveCfg = Release|Any CPU
		{33674C13-3665-42F8-A1EC-724AB0D4F04A}.Release|Any CPU.Build.0 = Release|Any CPU
	EndGlobalSection
	GlobalSection(SolutionProperties) = preSolution
		HideSolutionNode = FALSE
	EndGlobalSection
	GlobalSection(ExtensibilityGlobals) = postSolution
		SolutionGuid = {66FD9EF5-8DFD-4018-8195-80B069221FC5}
	EndGlobalSection
EndGlobal
