
Microsoft Visual Studio Solution File, Format Version 12.00
# Visual Studio 15
VisualStudioVersion = 15.0.27703.2026
MinimumVisualStudioVersion = 10.0.40219.1
Project("{9A19103F-16F7-4668-BE54-9A1E7A4F7556}") = "01-HarvestingFields", "01-HarvestingFields\01-HarvestingFields.csproj", "{260C2D49-25D8-4081-8097-596AAB3691B8}"
EndProject
Project("{9A19103F-16F7-4668-BE54-9A1E7A4F7556}") = "02-BlackBoxInteger", "02-BlackBoxInteger\02-BlackBoxInteger.csproj", "{A1359CC8-011B-4A10-8FF4-529282E90CC0}"
EndProject
Project("{9A19103F-16F7-4668-BE54-9A1E7A4F7556}") = "03-05-BarraksWars", "03-05-BarraksWars\03-05-BarraksWars.csproj", "{3ADFF5F9-0E69-47B2-A9BE-56B66DBC36C1}"
EndProject
Project("{9A19103F-16F7-4668-BE54-9A1E7A4F7556}") = "06-TrafficLights", "06-TrafficLights\06-TrafficLights.csproj", "{ECEB4D4D-7E71-48B2-A585-46A09918BBD3}"
EndProject
Project("{FAE04EC0-301F-11D3-BF4B-00C04F79EFBC}") = "07-InfernoInfinity", "07-InfernoInfinity\07-InfernoInfinity.csproj", "{F1D3BA58-3336-4D80-BEB7-48F7DB25C87A}"
EndProject
Global
	GlobalSection(SolutionConfigurationPlatforms) = preSolution
		Debug|Any CPU = Debug|Any CPU
		Release|Any CPU = Release|Any CPU
	EndGlobalSection
	GlobalSection(ProjectConfigurationPlatforms) = postSolution
		{260C2D49-25D8-4081-8097-596AAB3691B8}.Debug|Any CPU.ActiveCfg = Debug|Any CPU
		{260C2D49-25D8-4081-8097-596AAB3691B8}.Debug|Any CPU.Build.0 = Debug|Any CPU
		{260C2D49-25D8-4081-8097-596AAB3691B8}.Release|Any CPU.ActiveCfg = Release|Any CPU
		{260C2D49-25D8-4081-8097-596AAB3691B8}.Release|Any CPU.Build.0 = Release|Any CPU
		{A1359CC8-011B-4A10-8FF4-529282E90CC0}.Debug|Any CPU.ActiveCfg = Debug|Any CPU
		{A1359CC8-011B-4A10-8FF4-529282E90CC0}.Debug|Any CPU.Build.0 = Debug|Any CPU
		{A1359CC8-011B-4A10-8FF4-529282E90CC0}.Release|Any CPU.ActiveCfg = Release|Any CPU
		{A1359CC8-011B-4A10-8FF4-529282E90CC0}.Release|Any CPU.Build.0 = Release|Any CPU
		{3ADFF5F9-0E69-47B2-A9BE-56B66DBC36C1}.Debug|Any CPU.ActiveCfg = Debug|Any CPU
		{3ADFF5F9-0E69-47B2-A9BE-56B66DBC36C1}.Debug|Any CPU.Build.0 = Debug|Any CPU
		{3ADFF5F9-0E69-47B2-A9BE-56B66DBC36C1}.Release|Any CPU.ActiveCfg = Release|Any CPU
		{3ADFF5F9-0E69-47B2-A9BE-56B66DBC36C1}.Release|Any CPU.Build.0 = Release|Any CPU
		{ECEB4D4D-7E71-48B2-A585-46A09918BBD3}.Debug|Any CPU.ActiveCfg = Debug|Any CPU
		{ECEB4D4D-7E71-48B2-A585-46A09918BBD3}.Debug|Any CPU.Build.0 = Debug|Any CPU
		{ECEB4D4D-7E71-48B2-A585-46A09918BBD3}.Release|Any CPU.ActiveCfg = Release|Any CPU
		{ECEB4D4D-7E71-48B2-A585-46A09918BBD3}.Release|Any CPU.Build.0 = Release|Any CPU
		{F1D3BA58-3336-4D80-BEB7-48F7DB25C87A}.Debug|Any CPU.ActiveCfg = Debug|Any CPU
		{F1D3BA58-3336-4D80-BEB7-48F7DB25C87A}.Debug|Any CPU.Build.0 = Debug|Any CPU
		{F1D3BA58-3336-4D80-BEB7-48F7DB25C87A}.Release|Any CPU.ActiveCfg = Release|Any CPU
		{F1D3BA58-3336-4D80-BEB7-48F7DB25C87A}.Release|Any CPU.Build.0 = Release|Any CPU
	EndGlobalSection
	GlobalSection(SolutionProperties) = preSolution
		HideSolutionNode = FALSE
	EndGlobalSection
	GlobalSection(ExtensibilityGlobals) = postSolution
		SolutionGuid = {550B4355-86EA-4306-820B-CC769879DA26}
	EndGlobalSection
EndGlobal
